
Microsoft Visual Studio Solution File, Format Version 12.00
# Visual Studio Version 16
VisualStudioVersion = 16.0.31005.135
MinimumVisualStudioVersion = 10.0.40219.1
Project("{8BC9CEB8-8B4A-11D0-8D11-00A0C91BC942}") = "Project1", "Project1\Project1.vcxproj", "{21E63FE1-95F4-47E5-B6EC-E0393CE47020}"
EndProject
Project("{8BC9CEB8-8B4A-11D0-8D11-00A0C91BC942}") = "BlackJak", "BlackJak\BlackJak.vcxproj", "{B85A2C33-5116-401F-AC96-DF38E5E31171}"
EndProject
Project("{8BC9CEB8-8B4A-11D0-8D11-00A0C91BC942}") = "GAI", "GAI\GAI.vcxproj", "{DA4D6036-553D-4704-894D-4214E1B9EDCA}"
EndProject
Global
	GlobalSection(SolutionConfigurationPlatforms) = preSolution
		Debug|x64 = Debug|x64
		Debug|x86 = Debug|x86
		Release|x64 = Release|x64
		Release|x86 = Release|x86
	EndGlobalSection
	GlobalSection(ProjectConfigurationPlatforms) = postSolution
		{21E63FE1-95F4-47E5-B6EC-E0393CE47020}.Debug|x64.ActiveCfg = Debug|x64
		{21E63FE1-95F4-47E5-B6EC-E0393CE47020}.Debug|x64.Build.0 = Debug|x64
		{21E63FE1-95F4-47E5-B6EC-E0393CE47020}.Debug|x86.ActiveCfg = Debug|Win32
		{21E63FE1-95F4-47E5-B6EC-E0393CE47020}.Debug|x86.Build.0 = Debug|Win32
		{21E63FE1-95F4-47E5-B6EC-E0393CE47020}.Release|x64.ActiveCfg = Release|x64
		{21E63FE1-95F4-47E5-B6EC-E0393CE47020}.Release|x64.Build.0 = Release|x64
		{21E63FE1-95F4-47E5-B6EC-E0393CE47020}.Release|x86.ActiveCfg = Release|Win32
		{21E63FE1-95F4-47E5-B6EC-E0393CE47020}.Release|x86.Build.0 = Release|Win32
		{B85A2C33-5116-401F-AC96-DF38E5E31171}.Debug|x64.ActiveCfg = Debug|x64
		{B85A2C33-5116-401F-AC96-DF38E5E31171}.Debug|x64.Build.0 = Debug|x64
		{B85A2C33-5116-401F-AC96-DF38E5E31171}.Debug|x86.ActiveCfg = Debug|Win32
		{B85A2C33-5116-401F-AC96-DF38E5E31171}.Debug|x86.Build.0 = Debug|Win32
		{B85A2C33-5116-401F-AC96-DF38E5E31171}.Release|x64.ActiveCfg = Release|x64
		{B85A2C33-5116-401F-AC96-DF38E5E31171}.Release|x64.Build.0 = Release|x64
		{B85A2C33-5116-401F-AC96-DF38E5E31171}.Release|x86.ActiveCfg = Release|Win32
		{B85A2C33-5116-401F-AC96-DF38E5E31171}.Release|x86.Build.0 = Release|Win32
		{DA4D6036-553D-4704-894D-4214E1B9EDCA}.Debug|x64.ActiveCfg = Debug|x64
		{DA4D6036-553D-4704-894D-4214E1B9EDCA}.Debug|x64.Build.0 = Debug|x64
		{DA4D6036-553D-4704-894D-4214E1B9EDCA}.Debug|x86.ActiveCfg = Debug|Win32
		{DA4D6036-553D-4704-894D-4214E1B9EDCA}.Debug|x86.Build.0 = Debug|Win32
		{DA4D6036-553D-4704-894D-4214E1B9EDCA}.Release|x64.ActiveCfg = Release|x64
		{DA4D6036-553D-4704-894D-4214E1B9EDCA}.Release|x64.Build.0 = Release|x64
		{DA4D6036-553D-4704-894D-4214E1B9EDCA}.Release|x86.ActiveCfg = Release|Win32
		{DA4D6036-553D-4704-894D-4214E1B9EDCA}.Release|x86.Build.0 = Release|Win32
	EndGlobalSection
	GlobalSection(SolutionProperties) = preSolution
		HideSolutionNode = FALSE
	EndGlobalSection
	GlobalSection(ExtensibilityGlobals) = postSolution
		SolutionGuid = {52983B4E-357C-4F84-B980-480F9F30C72E}
	EndGlobalSection
EndGlobal
